PODS:
  - camera_avfoundation (0.0.1):
    - Flutter
  - Flutter (1.0.0)
  - flutter_image_compress_common (1.0.0):
    - Flutter
    - Mantle
    - SDWebImage
    - SDWebImageWebPCoder
  - flutter_webrtc (0.9.31):
    - Flutter
    - WebRTC-SDK (= 104.5112.17)
  - image_picker_ios (0.0.1):
    - Flutter
  - libwebp (1.3.1):
    - libwebp/demux (= 1.3.1)
    - libwebp/mux (= 1.3.1)
    - libwebp/sharpyuv (= 1.3.1)
    - libwebp/webp (= 1.3.1)
  - libwebp/demux (1.3.1):
    - libwebp/webp
  - libwebp/mux (1.3.1):
    - libwebp/demux
  - libwebp/sharpyuv (1.3.1)
  - libwebp/webp (1.3.1):
    - libwebp/sharpyuv
  - Mantle (2.2.0):
    - Mantle/extobjc (= 2.2.0)
  - Mantle/extobjc (2.2.0)
  - path_provider_foundation (0.0.1):
    - Flutter
    - FlutterMacOS
  - SDWebImage (5.17.0):
    - SDWebImage/Core (= 5.17.0)
  - SDWebImage/Core (5.17.0)
  - SDWebImageWebPCoder (0.13.0):
    - libwebp (~> 1.0)
    - SDWebImage/Core (~> 5.17)
  - WebRTC-SDK (104.5112.17)

DEPENDENCIES:
  - camera_avfoundation (from `.symlinks/plugins/camera_avfoundation/ios`)
  - Flutter (from `Flutter`)
  - flutter_image_compress_common (from `.symlinks/plugins/flutter_image_compress_common/ios`)
  - flutter_webrtc (from `.symlinks/plugins/flutter_webrtc/ios`)
  - image_picker_ios (from `.symlinks/plugins/image_picker_ios/ios`)
  - path_provider_foundation (from `.symlinks/plugins/path_provider_foundation/ios`)

SPEC REPOS:
  trunk:
    - libwebp
    - Mantle
    - SDWebImage
    - SDWebImageWebPCoder
    - WebRTC-SDK

EXTERNAL SOURCES:
  camera_avfoundation:
    :path: ".symlinks/plugins/camera_avfoundation/ios"
  Flutter:
    :path: Flutter
  flutter_image_compress_common:
    :path: ".symlinks/plugins/flutter_image_compress_common/ios"
  flutter_webrtc:
    :path: ".symlinks/plugins/flutter_webrtc/ios"
  image_picker_ios:
    :path: ".symlinks/plugins/image_picker_ios/ios"
  path_provider_foundation:
    :path: ".symlinks/plugins/path_provider_foundation/ios"

SPEC CHECKSUMS:
  camera_avfoundation: 3125e8cd1a4387f6f31c6c63abb8a55892a9eeeb
  Flutter: f04841e97a9d0b0a8025694d0796dd46242b2854
  flutter_image_compress_common: ec1d45c362c9d30a3f6a0426c297f47c52007e3e
  flutter_webrtc: 02c023207f972145a3bc8c7aada86754f264d563
  image_picker_ios: 4a8aadfbb6dc30ad5141a2ce3832af9214a705b5
  libwebp: 33dc822fbbf4503668d09f7885bbfedc76c45e96
  Mantle: c5aa8794a29a022dfbbfc9799af95f477a69b62d
  path_provider_foundation: 29f094ae23ebbca9d3d0cec13889cd9060c0e943
  SDWebImage: 750adf017a315a280c60fde706ab1e552a3ae4e9
  SDWebImageWebPCoder: af09429398d99d524cae2fe00f6f0f6e491ed102
  WebRTC-SDK: 082ae4893212534a779ca233f19a9df8efd5f3bd

PODFILE CHECKSUM: 95ee48ec524a20eaa7f104d7679a8cd67d2fe280

COCOAPODS: 1.12.1
